{
  "lockfileVersion": 1,
  "workspaces": {
    "": {
      "name": "gql-api",
    },
    "gqty-client": {
      "name": "gqty-client",
      "devDependencies": {
        "@gqty/react": "^3.1.0",
      },
    },
  },
  "packages": {
    "@gqty/react": ["@gqty/react@3.1.0", "", { "dependencies": { "@react-hookz/web": "^23.1.0", "multidict": "^1.0.9", "p-debounce": "^4.0.0", "p-defer": "^3.0.0", "react-ssr-prepass": "^1.5.0", "use-sync-external-store": "^1.4.0" }, "peerDependencies": { "gqty": "^3.3.0", "graphql": "*", "graphql-sse": "^2.5.4", "graphql-ws": "^5.16.2", "react": "^16.14.0 || ^17.0.0 || ^18.0.0 || ^19.0.0", "react-dom": "^18.0.0 || ^19.0.0" }, "optionalPeers": ["graphql-sse", "graphql-ws"] }, "sha512-MFGFmAvDi+N4KX2WUSSiFMGzv5fdmrWd0naVxRRDff/+CeNjXHCmwAKi5B2aezuSXrh+rENh/+6ZlZgB3ffOIg=="],

    "@react-hookz/deep-equal": ["@react-hookz/deep-equal@1.0.4", "", {}, "sha512-N56fTrAPUDz/R423pag+n6TXWbvlBZDtTehaGFjK0InmN+V2OFWLE/WmORhmn6Ce7dlwH5+tQN1LJFw3ngTJVg=="],

    "@react-hookz/web": ["@react-hookz/web@23.1.0", "", { "dependencies": { "@react-hookz/deep-equal": "^1.0.4" }, "peerDependencies": { "js-cookie": "^3.0.5", "react": "^16.8 || ^17 || ^18", "react-dom": "^16.8 || ^17 || ^18" }, "optionalPeers": ["js-cookie"] }, "sha512-fvbURdsa1ukttbLR1ASE/XmqXP09vZ1PiCYppYeR1sNMzCrdkG0iBnjxniFSVjJ8gIw2fRs6nqMTbeBz2uAkuA=="],

    "debounce-microtasks": ["debounce-microtasks@0.1.8", "", {}, "sha512-7mbJYntoO1FFIuOgwX2vnVwZMfbRpN6s16zTUHm/a1xmpZTGxSKvT6nOpAs1kHWQn7Ly2DGlCKeKdQrKMLBslw=="],

    "flatted": ["flatted@3.3.3", "", {}, "sha512-GX+ysw4PBCz0PzosHDepZGANEuFCMLrnRTiEy9McGjmkCQYwRq4A/X786G/fjM/+OjsWSU1ZrY5qyARZmO/uwg=="],

    "frail-map": ["frail-map@1.0.10", "", {}, "sha512-aawqlQUlg9ye61T879jXUoii8lNNHVZJyRL6XBbcNZ4Yu2MZfcQj1Q6yKpC7cAn5xUPMcVSsQ+Yql/AFcrfp9w=="],

    "gqty": ["gqty@3.4.2", "", { "dependencies": { "debounce-microtasks": "^0.1.8", "flatted": "^3.3.3", "frail-map": "^1.0.10", "just-extend": "^6.2.0", "just-has": "^2.3.0", "just-memoize": "^2.2.0", "just-safe-get": "^4.2.0", "just-safe-set": "^4.2.1", "multidict": "^1.0.9", "ohash": "^1.1.6", "p-defer": "^3.0.0" }, "peerDependencies": { "graphql": "*", "graphql-sse": "^2.5.4", "graphql-ws": "^5.16.2" }, "optionalPeers": ["graphql", "graphql-sse", "graphql-ws"] }, "sha512-zC3p133L/IGNyYsb0FBlr+lt19+w0zIom2BbG2rN4PH+NJnGnYxK54ZpBkeMPXrh3HtYSZHZJluFN25j5P920w=="],

    "gqty-client": ["gqty-client@workspace:gqty-client"],

    "graphql": ["graphql@16.11.0", "", {}, "sha512-mS1lbMsxgQj6hge1XZ6p7GPhbrtFwUFYi3wRzXAC/FmYnyXMTvvI3td3rjmQ2u8ewXueaSvRPWaEcgVVOT9Jnw=="],

    "just-extend": ["just-extend@6.2.0", "", {}, "sha512-cYofQu2Xpom82S6qD778jBDpwvvy39s1l/hrYij2u9AMdQcGRpaBu6kY4mVhuno5kJVi1DAz4aiphA2WI1/OAw=="],

    "just-has": ["just-has@2.3.0", "", {}, "sha512-JzxCot/ETqLDullSSC5OtT/PLWiqgRNO5z33gVit6BoCXe/6BHut33o9ZunG5jQSqeY4EyzFnl8Wqc7S8Ci/wQ=="],

    "just-memoize": ["just-memoize@2.2.0", "", {}, "sha512-zriv+MY+61RXT0QsrO1ZJtL5umouqqSWmCGBkp2wJm35kniunBAA4qhUKx8Lvg/QcwrF9xuw9E6PkevKFf4boQ=="],

    "just-safe-get": ["just-safe-get@4.2.0", "", {}, "sha512-+tS4Bvgr/FnmYxOGbwziJ8I2BFk+cP1gQHm6rm7zo61w1SbxBwWGEq/Ryy9Gb6bvnloPq6pz7Bmm4a0rjTNlXA=="],

    "just-safe-set": ["just-safe-set@4.2.1", "", {}, "sha512-La5CP41Ycv52+E4g7w1sRV8XXk7Sp8a/TwWQAYQKn6RsQz1FD4Z/rDRRmqV3wJznS1MDF3YxK7BCudX1J8FxLg=="],

    "multidict": ["multidict@1.0.9", "", {}, "sha512-kfZ+YcEmn7cHUvQFFtEVLVF1N5MoE/mhkBgQtf5LW1ABncEwhwYk3+dh1p+Tv63VaDqGsyx6ZJVGOx9rXe+B+g=="],

    "ohash": ["ohash@1.1.6", "", {}, "sha512-TBu7PtV8YkAZn0tSxobKY2n2aAQva936lhRrj6957aDaCf9IEtqsKbgMzXE/F/sjqYOwmrukeORHNLe5glk7Cg=="],

    "p-debounce": ["p-debounce@4.0.0", "", {}, "sha512-4Ispi9I9qYGO4lueiLDhe4q4iK5ERK8reLsuzH6BPaXn53EGaua8H66PXIFGrW897hwjXp+pVLrm/DLxN0RF0A=="],

    "p-defer": ["p-defer@3.0.0", "", {}, "sha512-ugZxsxmtTln604yeYd29EGrNhazN2lywetzpKhfmQjW/VJmhpDmWbiX+h0zL8V91R0UXkhb3KtPmyq9PZw3aYw=="],

    "react": ["react@19.1.0", "", {}, "sha512-FS+XFBNvn3GTAWq26joslQgWNoFu08F4kl0J4CgdNKADkdSGXQyTCnKteIAJy96Br6YbpEU1LSzV5dYtjMkMDg=="],

    "react-dom": ["react-dom@19.1.0", "", { "dependencies": { "scheduler": "^0.26.0" }, "peerDependencies": { "react": "^19.1.0" } }, "sha512-Xs1hdnE+DyKgeHJeJznQmYMIBG3TKIHJJT95Q58nHLSrElKlGQqDTR2HQ9fx5CN/Gk6Vh/kupBTDLU11/nDk/g=="],

    "react-ssr-prepass": ["react-ssr-prepass@1.6.0", "", { "peerDependencies": { "react": "^16.8.0 || ^17.0.0 || ^18.0.0 || ^19.0.0 || ^19.0.0-rc" } }, "sha512-M10nxc95Sfm00fXm+tLkC1MWG5NLWEBgWoGrPSnAqEFM4BUaoy97JvVw+m3iL74ZHzj86M33rPiFi738hEFLWg=="],

    "scheduler": ["scheduler@0.26.0", "", {}, "sha512-NlHwttCI/l5gCPR3D1nNXtWABUmBwvZpEQiD4IXSbIDq8BzLIK/7Ir5gTFSGZDUu37K5cMNp0hFtzO38sC7gWA=="],

    "use-sync-external-store": ["use-sync-external-store@1.5.0", "", { "peerDependencies": { "react": "^16.8.0 || ^17.0.0 || ^18.0.0 || ^19.0.0" } }, "sha512-Rb46I4cGGVBmjamjphe8L/UnvJD+uPPtTkNvX5mZgqdbavhI4EbgIWJiIHXJ8bc/i9EQGPRh4DwEURJ552Do0A=="],
  }
}
